// !$*UTF8*$!
{
	archiveVersion = 1;
	classes = {
	};
	objectVersion = 50;
	objects = {

/* Begin PBXBuildFile section */
		302F41F2208A1BC4007BC8C1 /* AppDelegate.swift in Sources */ = {isa = PBXBuildFile; fileRef = 302F41F1208A1BC4007BC8C1 /* AppDelegate.swift */; };
		302F41F4208A1BC4007BC8C1 /* ViewController.swift in Sources */ = {isa = PBXBuildFile; fileRef = 302F41F3208A1BC4007BC8C1 /* ViewController.swift */; };
		302F41F7208A1BC4007BC8C1 /* Main.storyboard in Resources */ = {isa = PBXBuildFile; fileRef = 302F41F5208A1BC4007BC8C1 /* Main.storyboard */; };
		302F41F9208A1BC5007BC8C1 /* Assets.xcassets in Resources */ = {isa = PBXBuildFile; fileRef = 302F41F8208A1BC5007BC8C1 /* Assets.xcassets */; };
		302F41FC208A1BC5007BC8C1 /* LaunchScreen.storyboard in Resources */ = {isa = PBXBuildFile; fileRef = 302F41FA208A1BC5007BC8C1 /* LaunchScreen.storyboard */; };
		3037A1602090A45900D9C7AE /* PersonViewController.swift in Sources */ = {isa = PBXBuildFile; fileRef = 3037A15F2090A45900D9C7AE /* PersonViewController.swift */; };
		30C7A2B420920E4400DE800C /* PersonCell.swift in Sources */ = {isa = PBXBuildFile; fileRef = 30C7A2B220920E4400DE800C /* PersonCell.swift */; };
		30C7A2B520920E4400DE800C /* PersonCell.xib in Resources */ = {isa = PBXBuildFile; fileRef = 30C7A2B320920E4400DE800C /* PersonCell.xib */; };
		AE691FB60014932F7DFC253A /* Pods_independentTravel.framework in Frameworks */ = {isa = PBXBuildFile; fileRef = 66F0F312B87629158F19B45B /* Pods_independentTravel.framework */; };
/* End PBXBuildFile section */

/* Begin PBXFileReference section */
		302F41EE208A1BC4007BC8C1 /* independentTravel.app */ = {isa = PBXFileReference; explicitFileType = wrapper.application; includeInIndex = 0; path = independentTravel.app; sourceTree = BUILT_PRODUCTS_DIR; };
		302F41F1208A1BC4007BC8C1 /* AppDelegate.swift */ = {isa = PBXFileReference; lastKnownFileType = sourcecode.swift; path = AppDelegate.swift; sourceTree = "<group>"; };
		302F41F3208A1BC4007BC8C1 /* ViewController.swift */ = {isa = PBXFileReference; lastKnownFileType = sourcecode.swift; path = ViewController.swift; sourceTree = "<group>"; };
		302F41F6208A1BC4007BC8C1 /* Base */ = {isa = PBXFileReference; lastKnownFileType = file.storyboard; name = Base; path = Base.lproj/Main.storyboard; sourceTree = "<group>"; };
		302F41F8208A1BC5007BC8C1 /* Assets.xcassets */ = {isa = PBXFileReference; lastKnownFileType = folder.assetcatalog; path = Assets.xcassets; sourceTree = "<group>"; };
		302F41FB208A1BC5007BC8C1 /* Base */ = {isa = PBXFileReference; lastKnownFileType = file.storyboard; name = Base; path = Base.lproj/LaunchScreen.storyboard; sourceTree = "<group>"; };
		302F41FD208A1BC5007BC8C1 /* Info.plist */ = {isa = PBXFileReference; lastKnownFileType = text.plist.xml; path = Info.plist; sourceTree = "<group>"; };
		3037A15F2090A45900D9C7AE /* PersonViewController.swift */ = {isa = PBXFileReference; lastKnownFileType = sourcecode.swift; path = PersonViewController.swift; sourceTree = "<group>"; };
		30C7A2B220920E4400DE800C /* PersonCell.swift */ = {isa = PBXFileReference; lastKnownFileType = sourcecode.swift; path = PersonCell.swift; sourceTree = "<group>"; };
		30C7A2B320920E4400DE800C /* PersonCell.xib */ = {isa = PBXFileReference; lastKnownFileType = file.xib; path = PersonCell.xib; sourceTree = "<group>"; };
		3F38788EB6695C434C1DB1E4 /* Pods-independentTravel.release.xcconfig */ = {isa = PBXFileReference; includeInIndex = 1; lastKnownFileType = text.xcconfig; name = "Pods-independentTravel.release.xcconfig"; path = "Pods/Target Support Files/Pods-independentTravel/Pods-independentTravel.release.xcconfig"; sourceTree = "<group>"; };
		66F0F312B87629158F19B45B /* Pods_independentTravel.framework */ = {isa = PBXFileReference; explicitFileType = wrapper.framework; includeInIndex = 0; path = Pods_independentTravel.framework; sourceTree = BUILT_PRODUCTS_DIR; };
		6E69CDA14DECF4F746F0C438 /* Pods-independentTravel.debug.xcconfig */ = {isa = PBXFileReference; includeInIndex = 1; lastKnownFileType = text.xcconfig; name = "Pods-independentTravel.debug.xcconfig"; path = "Pods/Target Support Files/Pods-independentTravel/Pods-independentTravel.debug.xcconfig"; sourceTree = "<group>"; };
/* End PBXFileReference section */

/* Begin PBXFrameworksBuildPhase section */
		302F41EB208A1BC4007BC8C1 /* Frameworks */ = {
			isa = PBXFrameworksBuildPhase;
			buildActionMask = 2147483647;
			files = (
				AE691FB60014932F7DFC253A /* Pods_independentTravel.framework in Frameworks */,
			);
			runOnlyForDeploymentPostprocessing = 0;
		};
/* End PBXFrameworksBuildPhase section */

/* Begin PBXGroup section */
		302F41E5208A1BC4007BC8C1 = {
			isa = PBXGroup;
			children = (
				302F41F0208A1BC4007BC8C1 /* independentTravel */,
				302F41EF208A1BC4007BC8C1 /* Products */,
				75BFCA3B329F922C88666831 /* Pods */,
				C7F8FEB3968E2FF1A3D60679 /* Frameworks */,
			);
			sourceTree = "<group>";
		};
		302F41EF208A1BC4007BC8C1 /* Products */ = {
			isa = PBXGroup;
			children = (
				302F41EE208A1BC4007BC8C1 /* independentTravel.app */,
			);
			name = Products;
			sourceTree = "<group>";
		};
		302F41F0208A1BC4007BC8C1 /* independentTravel */ = {
			isa = PBXGroup;
			children = (
				3037A1612090A46300D9C7AE /* Controller */,
				302F41F1208A1BC4007BC8C1 /* AppDelegate.swift */,
				302F41F5208A1BC4007BC8C1 /* Main.storyboard */,
				302F41F8208A1BC5007BC8C1 /* Assets.xcassets */,
				302F41FA208A1BC5007BC8C1 /* LaunchScreen.storyboard */,
				302F41FD208A1BC5007BC8C1 /* Info.plist */,
			);
			path = independentTravel;
			sourceTree = "<group>";
		};
		3037A1612090A46300D9C7AE /* Controller */ = {
			isa = PBXGroup;
			children = (
				3037A15F2090A45900D9C7AE /* PersonViewController.swift */,
				302F41F3208A1BC4007BC8C1 /* ViewController.swift */,
				30C7A2B220920E4400DE800C /* PersonCell.swift */,
				30C7A2B320920E4400DE800C /* PersonCell.xib */,
			);
			path = Controller;
			sourceTree = "<group>";
		};
		75BFCA3B329F922C88666831 /* Pods */ = {
			isa = PBXGroup;
			children = (
				6E69CDA14DECF4F746F0C438 /* Pods-independentTravel.debug.xcconfig */,
				3F38788EB6695C434C1DB1E4 /* Pods-independentTravel.release.xcconfig */,
			);
			name = Pods;
			sourceTree = "<group>";
		};
		C7F8FEB3968E2FF1A3D60679 /* Frameworks */ = {
			isa = PBXGroup;
			children = (
				66F0F312B87629158F19B45B /* Pods_independentTravel.framework */,
			);
			name = Frameworks;
			sourceTree = "<group>";
		};
/* End PBXGroup section */

/* Begin PBXNativeTarget section */
		302F41ED208A1BC4007BC8C1 /* independentTravel */ = {
			isa = PBXNativeTarget;
			buildConfigurationList = 302F4200208A1BC5007BC8C1 /* Build configuration list for PBXNativeTarget "independentTravel" */;
			buildPhases = (
				8882A1300E3AD1BEA2A3A2A8 /* [CP] Check Pods Manifest.lock */,
				302F41EA208A1BC4007BC8C1 /* Sources */,
				302F41EB208A1BC4007BC8C1 /* Frameworks */,
				302F41EC208A1BC4007BC8C1 /* Resources */,
				77E7E6898F4C20D7A0690B1F /* [CP] Embed Pods Frameworks */,
			);
			buildRules = (
			);
			dependencies = (
			);
			name = independentTravel;
			productName = independentTravel;
			productReference = 302F41EE208A1BC4007BC8C1 /* independentTravel.app */;
			productType = "com.apple.product-type.application";
		};
/* End PBXNativeTarget section */

/* Begin PBXProject section */
		302F41E6208A1BC4007BC8C1 /* Project object */ = {
			isa = PBXProject;
			attributes = {
				LastSwiftUpdateCheck = 0930;
				LastUpgradeCheck = 0930;
				ORGANIZATIONNAME = "李亚非";
				TargetAttributes = {
					302F41ED208A1BC4007BC8C1 = {
						CreatedOnToolsVersion = 9.3;
					};
				};
			};
			buildConfigurationList = 302F41E9208A1BC4007BC8C1 /* Build configuration list for PBXProject "independentTravel" */;
			compatibilityVersion = "Xcode 9.3";
			developmentRegion = en;
			hasScannedForEncodings = 0;
			knownRegions = (
				en,
				Base,
			);
			mainGroup = 302F41E5208A1BC4007BC8C1;
			productRefGroup = 302F41EF208A1BC4007BC8C1 /* Products */;
			projectDirPath = "";
			projectRoot = "";
			targets = (
				302F41ED208A1BC4007BC8C1 /* independentTravel */,
			);
		};
/* End PBXProject section */

/* Begin PBXResourcesBuildPhase section */
		302F41EC208A1BC4007BC8C1 /* Resources */ = {
			isa = PBXResourcesBuildPhase;
			buildActionMask = 2147483647;
			files = (
				302F41FC208A1BC5007BC8C1 /* LaunchScreen.storyboard in Resources */,
				302F41F9208A1BC5007BC8C1 /* Assets.xcassets in Resources */,
				30C7A2B520920E4400DE800C /* PersonCell.xib in Resources */,
				302F41F7208A1BC4007BC8C1 /* Main.storyboard in Resources */,
			);
			runOnlyForDeploymentPostprocessing = 0;
		};
/* End PBXResourcesBuildPhase section */

/* Begin PBXShellScriptBuildPhase section */
		77E7E6898F4C20D7A0690B1F /* [CP] Embed Pods Frameworks */ = {
			isa = PBXShellScriptBuildPhase;
			buildActionMask = 2147483647;
			files = (
			);
			inputPaths = (
				"${SRCROOT}/Pods/Target Support Files/Pods-independentTravel/Pods-independentTravel-frameworks.sh",
				"${BUILT_PRODUCTS_DIR}/Alamofire/Alamofire.framework",
				"${BUILT_PRODUCTS_DIR}/SwiftyJSON/SwiftyJSON.framework",
			);
			name = "[CP] Embed Pods Frameworks";
			outputPaths = (
				"${TARGET_BUILD_DIR}/${FRAMEWORKS_FOLDER_PATH}/Alamofire.framework",
				"${TARGET_BUILD_DIR}/${FRAMEWORKS_FOLDER_PATH}/SwiftyJSON.framework",
			);
			runOnlyForDeploymentPostprocessing = 0;
			shellPath = /bin/sh;
			shellScript = "\"${SRCROOT}/Pods/Target Support Files/Pods-independentTravel/Pods-independentTravel-frameworks.sh\"\n";
			showEnvVarsInLog = 0;
		};
		8882A1300E3AD1BEA2A3A2A8 /* [CP] Check Pods Manifest.lock */ = {
			isa = PBXShellScriptBuildPhase;
			buildActionMask = 2147483647;
			files = (
			);
			inputPaths = (
				"${PODS_PODFILE_DIR_PATH}/Podfile.lock",
				"${PODS_ROOT}/Manifest.lock",
			);
			name = "[CP] Check Pods Manifest.lock";
			outputPaths = (
				"$(DERIVED_FILE_DIR)/Pods-independentTravel-checkManifestLockResult.txt",
			);
			runOnlyForDeploymentPostprocessing = 0;
			shellPath = /bin/sh;
			shellScript = "diff \"${PODS_PODFILE_DIR_PATH}/Podfile.lock\" \"${PODS_ROOT}/Manifest.lock\" > /dev/null\nif [ $? != 0 ] ; then\n    # print error to STDERR\n    echo \"error: The sandbox is not in sync with the Podfile.lock. Run 'pod install' or update your CocoaPods installation.\" >&2\n    exit 1\nfi\n# This output is used by Xcode 'outputs' to avoid re-running this script phase.\necho \"SUCCESS\" > \"${SCRIPT_OUTPUT_FILE_0}\"\n";
			showEnvVarsInLog = 0;
		};
/* End PBXShellScriptBuildPhase section */

/* Begin PBXSourcesBuildPhase section */
		302F41EA208A1BC4007BC8C1 /* Sources */ = {
			isa = PBXSourcesBuildPhase;
			buildActionMask = 2147483647;
			files = (
				302F41F4208A1BC4007BC8C1 /* ViewController.swift in Sources */,
				3037A1602090A45900D9C7AE /* PersonViewController.swift in Sources */,
				30C7A2B420920E4400DE800C /* PersonCell.swift in Sources */,
				302F41F2208A1BC4007BC8C1 /* AppDelegate.swift in Sources */,
			);
			runOnlyForDeploymentPostprocessing = 0;
		};
/* End PBXSourcesBuildPhase section */

/* Begin PBXVariantGroup section */
		302F41F5208A1BC4007BC8C1 /* Main.storyboard */ = {
			isa = PBXVariantGroup;
			children = (
				302F41F6208A1BC4007BC8C1 /* Base */,
			);
			name = Main.storyboard;
			sourceTree = "<group>";
		};
		302F41FA208A1BC5007BC8C1 /* LaunchScreen.storyboard */ = {
			isa = PBXVariantGroup;
			children = (
				302F41FB208A1BC5007BC8C1 /* Base */,
			);
			name = LaunchScreen.storyboard;
			sourceTree = "<group>";
		};
/* End PBXVariantGroup section */

/* Begin XCBuildConfiguration section */
		302F41FE208A1BC5007BC8C1 /* Debug */ = {
			isa = XCBuildConfiguration;
			buildSettings = {
				ALWAYS_SEARCH_USER_PATHS = NO;
				CLANG_ANALYZER_NONNULL = YES;
				CLANG_ANALYZER_NUMBER_OBJECT_CONVERSION = YES_AGGRESSIVE;
				CLANG_CXX_LANGUAGE_STANDARD = "gnu++14";
				CLANG_CXX_LIBRARY = "libc++";
				CLANG_ENABLE_MODULES = YES;
				CLANG_ENABLE_OBJC_ARC = YES;
				CLANG_ENABLE_OBJC_WEAK = YES;
				CLANG_WARN_BLOCK_CAPTURE_AUTORELEASING = YES;
				CLANG_WARN_BOOL_CONVERSION = YES;
				CLANG_WARN_COMMA = YES;
				CLANG_WARN_CONSTANT_CONVERSION = YES;
				CLANG_WARN_DEPRECATED_OBJC_IMPLEMENTATIONS = YES;
				CLANG_WARN_DIRECT_OBJC_ISA_USAGE = YES_ERROR;
				CLANG_WARN_DOCUMENTATION_COMMENTS = YES;
				CLANG_WARN_EMPTY_BODY = YES;
				CLANG_WARN_ENUM_CONVERSION = YES;
				CLANG_WARN_INFINITE_RECURSION = YES;
				CLANG_WARN_INT_CONVERSION = YES;
				CLANG_WARN_NON_LITERAL_NULL_CONVERSION = YES;
				CLANG_WARN_OBJC_IMPLICIT_RETAIN_SELF = YES;
				CLANG_WARN_OBJC_LITERAL_CONVERSION = YES;
				CLANG_WARN_OBJC_ROOT_CLASS = YES_ERROR;
				CLANG_WARN_RANGE_LOOP_ANALYSIS = YES;
				CLANG_WARN_STRICT_PROTOTYPES = YES;
				CLANG_WARN_SUSPICIOUS_MOVE = YES;
				CLANG_WARN_UNGUARDED_AVAILABILITY = YES_AGGRESSIVE;
				CLANG_WARN_UNREACHABLE_CODE = YES;
				CLANG_WARN__DUPLICATE_METHOD_MATCH = YES;
				CODE_SIGN_IDENTITY = "iPhone Developer";
				COPY_PHASE_STRIP = NO;
				DEBUG_INFORMATION_FORMAT = dwarf;
				ENABLE_STRICT_OBJC_MSGSEND = YES;
				ENABLE_TESTABILITY = YES;
				GCC_C_LANGUAGE_STANDARD = gnu11;
				GCC_DYNAMIC_NO_PIC = NO;
				GCC_NO_COMMON_BLOCKS = YES;
				GCC_OPTIMIZATION_LEVEL = 0;
				GCC_PREPROCESSOR_DEFINITIONS = (
					"DEBUG=1",
					"$(inherited)",
				);
				GCC_WARN_64_TO_32_BIT_CONVERSION = YES;
				GCC_WARN_ABOUT_RETURN_TYPE = YES_ERROR;
				GCC_WARN_UNDECLARED_SELECTOR = YES;
				GCC_WARN_UNINITIALIZED_AUTOS = YES_AGGRESSIVE;
				GCC_WARN_UNUSED_FUNCTION = YES;
				GCC_WARN_UNUSED_VARIABLE = YES;
				IPHONEOS_DEPLOYMENT_TARGET = 11.3;
				MTL_ENABLE_DEBUG_INFO = YES;
				ONLY_ACTIVE_ARCH = YES;
				SDKROOT = iphoneos;
				SWIFT_ACTIVE_COMPILATION_CONDITIONS = DEBUG;
				SWIFT_OPTIMIZATION_LEVEL = "-Onone";
			};
			name = Debug;
		};
		302F41FF208A1BC5007BC8C1 /* Release */ = {
			isa = XCBuildConfiguration;
			buildSettings = {
				ALWAYS_SEARCH_USER_PATHS = NO;
				CLANG_ANALYZER_NONNULL = YES;
				CLANG_ANALYZER_NUMBER_OBJECT_CONVERSION = YES_AGGRESSIVE;
				CLANG_CXX_LANGUAGE_STANDARD = "gnu++14";
				CLANG_CXX_LIBRARY = "libc++";
				CLANG_ENABLE_MODULES = YES;
				CLANG_ENABLE_OBJC_ARC = YES;
				CLANG_ENABLE_OBJC_WEAK = YES;
				CLANG_WARN_BLOCK_CAPTURE_AUTORELEASING = YES;
				CLANG_WARN_BOOL_CONVERSION = YES;
				CLANG_WARN_COMMA = YES;
				CLANG_WARN_CONSTANT_CONVERSION = YES;
				CLANG_WARN_DEPRECATED_OBJC_IMPLEMENTATIONS = YES;
				CLANG_WARN_DIRECT_OBJC_ISA_USAGE = YES_ERROR;
				CLANG_WARN_DOCUMENTATION_COMMENTS = YES;
				CLANG_WARN_EMPTY_BODY = YES;
				CLANG_WARN_ENUM_CONVERSION = YES;
				CLANG_WARN_INFINITE_RECURSION = YES;
				CLANG_WARN_INT_CONVERSION = YES;
				CLANG_WARN_NON_LITERAL_NULL_CONVERSION = YES;
				CLANG_WARN_OBJC_IMPLICIT_RETAIN_SELF = YES;
				CLANG_WARN_OBJC_LITERAL_CONVERSION = YES;
				CLANG_WARN_OBJC_ROOT_CLASS = YES_ERROR;
				CLANG_WARN_RANGE_LOOP_ANALYSIS = YES;
				CLANG_WARN_STRICT_PROTOTYPES = YES;
				CLANG_WARN_SUSPICIOUS_MOVE = YES;
				CLANG_WARN_UNGUARDED_AVAILABILITY = YES_AGGRESSIVE;
				CLANG_WARN_UNREACHABLE_CODE = YES;
				CLANG_WARN__DUPLICATE_METHOD_MATCH = YES;
				CODE_SIGN_IDENTITY = "iPhone Developer";
				COPY_PHASE_STRIP = NO;
				DEBUG_INFORMATION_FORMAT = "dwarf-with-dsym";
				ENABLE_NS_ASSERTIONS = NO;
				ENABLE_STRICT_OBJC_MSGSEND = YES;
				GCC_C_LANGUAGE_STANDARD = gnu11;
				GCC_NO_COMMON_BLOCKS = YES;
				GCC_WARN_64_TO_32_BIT_CONVERSION = YES;
				GCC_WARN_ABOUT_RETURN_TYPE = YES_ERROR;
				GCC_WARN_UNDECLARED_SELECTOR = YES;
				GCC_WARN_UNINITIALIZED_AUTOS = YES_AGGRESSIVE;
				GCC_WARN_UNUSED_FUNCTION = YES;
				GCC_WARN_UNUSED_VARIABLE = YES;
				IPHONEOS_DEPLOYMENT_TARGET = 11.3;
				MTL_ENABLE_DEBUG_INFO = NO;
				SDKROOT = iphoneos;
				SWIFT_COMPILATION_MODE = wholemodule;
				SWIFT_OPTIMIZATION_LEVEL = "-O";
				VALIDATE_PRODUCT = YES;
			};
			name = Release;
		};
		302F4201208A1BC5007BC8C1 /* Debug */ = {
			isa = XCBuildConfiguration;
			baseConfigurationReference = 6E69CDA14DECF4F746F0C438 /* Pods-independentTravel.debug.xcconfig */;
			buildSettings = {
				ASSETCATALOG_COMPILER_APPICON_NAME = AppIcon;
				CODE_SIGN_STYLE = Automatic;
				DEVELOPMENT_TEAM = 8F7Z5PBD35;
				INFOPLIST_FILE = independentTravel/Info.plist;
				LD_RUNPATH_SEARCH_PATHS = (
					"$(inherited)",
					"@executable_path/Frameworks",
				);
				PRODUCT_BUNDLE_IDENTIFIER = liyafei.independentTravel;
				PRODUCT_NAME = "$(TARGET_NAME)";
				SWIFT_VERSION = 4.0;
				TARGETED_DEVICE_FAMILY = "1,2";
			};
			name = Debug;
		};
		302F4202208A1BC5007BC8C1 /* Release */ = {
			isa = XCBuildConfiguration;
			baseConfigurationReference = 3F38788EB6695C434C1DB1E4 /* Pods-independentTravel.release.xcconfig */;
			buildSettings = {
				ASSETCATALOG_COMPILER_APPICON_NAME = AppIcon;
				CODE_SIGN_STYLE = Automatic;
				DEVELOPMENT_TEAM = 8F7Z5PBD35;
				INFOPLIST_FILE = independentTravel/Info.plist;
				LD_RUNPATH_SEARCH_PATHS = (
					"$(inherited)",
					"@executable_path/Frameworks",
				);
				PRODUCT_BUNDLE_IDENTIFIER = liyafei.independentTravel;
				PRODUCT_NAME = "$(TARGET_NAME)";
				SWIFT_VERSION = 4.0;
				TARGETED_DEVICE_FAMILY = "1,2";
			};
			name = Release;
		};
/* End XCBuildConfiguration section */

/* Begin XCConfigurationList section */
		302F41E9208A1BC4007BC8C1 /* Build configuration list for PBXProject "independentTravel" */ = {
			isa = XCConfigurationList;
			buildConfigurations = (
				302F41FE208A1BC5007BC8C1 /* Debug */,
				302F41FF208A1BC5007BC8C1 /* Release */,
			);
			defaultConfigurationIsVisible = 0;
			defaultConfigurationName = Release;
		};
		302F4200208A1BC5007BC8C1 /* Build configuration list for PBXNativeTarget "independentTravel" */ = {
			isa = XCConfigurationList;
			buildConfigurations = (
				302F4201208A1BC5007BC8C1 /* Debug */,
				302F4202208A1BC5007BC8C1 /* Release */,
			);
			defaultConfigurationIsVisible = 0;
			defaultConfigurationName = Release;
		};
/* End XCConfigurationList section */
	};
	rootObject = 302F41E6208A1BC4007BC8C1 /* Project object */;
}
